
Microsoft Visual Studio Solution File, Format Version 12.00
# Visual Studio Version 17
VisualStudioVersion = 17.8.35728.64
MinimumVisualStudioVersion = 10.0.40219.1
Project("{FAE04EC0-301F-11D3-BF4B-00C04F79EFBC}") = "ContextCreator", "ContextCreator\ContextCreator.csproj", "{A81ED03D-63FD-4DF7-94C4-8381D581E78E}"
EndProject
Global
	GlobalSection(SolutionConfigurationPlatforms) = preSolution
		Debug|Any CPU = Debug|Any CPU
		Release|Any CPU = Release|Any CPU
	EndGlobalSection
	GlobalSection(ProjectConfigurationPlatforms) = postSolution
		{A81ED03D-63FD-4DF7-94C4-8381D581E78E}.Debug|Any CPU.ActiveCfg = Debug|Any CPU
		{A81ED03D-63FD-4DF7-94C4-8381D581E78E}.Debug|Any CPU.Build.0 = Debug|Any CPU
		{A81ED03D-63FD-4DF7-94C4-8381D581E78E}.Release|Any CPU.ActiveCfg = Release|Any CPU
		{A81ED03D-63FD-4DF7-94C4-8381D581E78E}.Release|Any CPU.Build.0 = Release|Any CPU
	EndGlobalSection
	GlobalSection(SolutionProperties) = preSolution
		HideSolutionNode = FALSE
	EndGlobalSection
	GlobalSection(ExtensibilityGlobals) = postSolution
		SolutionGuid = {9046BC3B-7284-4294-BBCC-295A128FA21D}
	EndGlobalSection
EndGlobal
